
Microsoft Visual Studio Solution File, Format Version 12.00
# Visual Studio Version 16
VisualStudioVersion = 16.0.31229.75
MinimumVisualStudioVersion = 10.0.40219.1
Project("{FAE04EC0-301F-11D3-BF4B-00C04F79EFBC}") = "weavy-mobile.Android", "weavy-mobile\weavy-mobile.Android\weavy-mobile.Android.csproj", "{8A44C82E-11A5-4983-968C-4A5AA827A5FE}"
EndProject
Project("{FAE04EC0-301F-11D3-BF4B-00C04F79EFBC}") = "weavy-mobile.iOS", "weavy-mobile\weavy-mobile.iOS\weavy-mobile.iOS.csproj", "{6E8C836D-D342-45A4-AC78-B71B59DD374A}"
EndProject
Project("{FAE04EC0-301F-11D3-BF4B-00C04F79EFBC}") = "weavy-mobile", "weavy-mobile\weavy-mobile\weavy-mobile.csproj", "{8236C430-8398-4AB9-BB88-D8BB4E257E12}"
EndProject
Project("{9A19103F-16F7-4668-BE54-9A1E7A4F7556}") = "Weavy.WebView.Plugin.Forms", "weavy-mobile\Weavy.WebView.Plugin.Forms\Weavy.WebView.Plugin.Forms.csproj", "{7AE6E2B1-10C8-418C-9BF1-1C243F149259}"
EndProject
Global
	GlobalSection(SolutionConfigurationPlatforms) = preSolution
		Debug|Any CPU = Debug|Any CPU
		Debug|iPhone = Debug|iPhone
		Debug|iPhoneSimulator = Debug|iPhoneSimulator
		Release|Any CPU = Release|Any CPU
		Release|iPhone = Release|iPhone
		Release|iPhoneSimulator = Release|iPhoneSimulator
	EndGlobalSection
	GlobalSection(ProjectConfigurationPlatforms) = postSolution
		{8A44C82E-11A5-4983-968C-4A5AA827A5FE}.Debug|Any CPU.ActiveCfg = Debug|Any CPU
		{8A44C82E-11A5-4983-968C-4A5AA827A5FE}.Debug|Any CPU.Build.0 = Debug|Any CPU
		{8A44C82E-11A5-4983-968C-4A5AA827A5FE}.Debug|Any CPU.Deploy.0 = Debug|Any CPU
		{8A44C82E-11A5-4983-968C-4A5AA827A5FE}.Debug|iPhone.ActiveCfg = Debug|Any CPU
		{8A44C82E-11A5-4983-968C-4A5AA827A5FE}.Debug|iPhone.Build.0 = Debug|Any CPU
		{8A44C82E-11A5-4983-968C-4A5AA827A5FE}.Debug|iPhone.Deploy.0 = Debug|Any CPU
		{8A44C82E-11A5-4983-968C-4A5AA827A5FE}.Debug|iPhoneSimulator.ActiveCfg = Debug|Any CPU
		{8A44C82E-11A5-4983-968C-4A5AA827A5FE}.Debug|iPhoneSimulator.Build.0 = Debug|Any CPU
		{8A44C82E-11A5-4983-968C-4A5AA827A5FE}.Debug|iPhoneSimulator.Deploy.0 = Debug|Any CPU
		{8A44C82E-11A5-4983-968C-4A5AA827A5FE}.Release|Any CPU.ActiveCfg = Release|Any CPU
		{8A44C82E-11A5-4983-968C-4A5AA827A5FE}.Release|Any CPU.Build.0 = Release|Any CPU
		{8A44C82E-11A5-4983-968C-4A5AA827A5FE}.Release|Any CPU.Deploy.0 = Release|Any CPU
		{8A44C82E-11A5-4983-968C-4A5AA827A5FE}.Release|iPhone.ActiveCfg = Release|Any CPU
		{8A44C82E-11A5-4983-968C-4A5AA827A5FE}.Release|iPhone.Build.0 = Release|Any CPU
		{8A44C82E-11A5-4983-968C-4A5AA827A5FE}.Release|iPhone.Deploy.0 = Release|Any CPU
		{8A44C82E-11A5-4983-968C-4A5AA827A5FE}.Release|iPhoneSimulator.ActiveCfg = Release|Any CPU
		{8A44C82E-11A5-4983-968C-4A5AA827A5FE}.Release|iPhoneSimulator.Build.0 = Release|Any CPU
		{8A44C82E-11A5-4983-968C-4A5AA827A5FE}.Release|iPhoneSimulator.Deploy.0 = Release|Any CPU
		{6E8C836D-D342-45A4-AC78-B71B59DD374A}.Debug|Any CPU.ActiveCfg = Debug|iPhone
		{6E8C836D-D342-45A4-AC78-B71B59DD374A}.Debug|Any CPU.Build.0 = Debug|iPhone
		{6E8C836D-D342-45A4-AC78-B71B59DD374A}.Debug|Any CPU.Deploy.0 = Debug|iPhone
		{6E8C836D-D342-45A4-AC78-B71B59DD374A}.Debug|iPhone.ActiveCfg = Debug|iPhone
		{6E8C836D-D342-45A4-AC78-B71B59DD374A}.Debug|iPhone.Build.0 = Debug|iPhone
		{6E8C836D-D342-45A4-AC78-B71B59DD374A}.Debug|iPhone.Deploy.0 = Debug|iPhone
		{6E8C836D-D342-45A4-AC78-B71B59DD374A}.Debug|iPhoneSimulator.ActiveCfg = Debug|iPhoneSimulator
		{6E8C836D-D342-45A4-AC78-B71B59DD374A}.Debug|iPhoneSimulator.Build.0 = Debug|iPhoneSimulator
		{6E8C836D-D342-45A4-AC78-B71B59DD374A}.Debug|iPhoneSimulator.Deploy.0 = Debug|iPhoneSimulator
		{6E8C836D-D342-45A4-AC78-B71B59DD374A}.Release|Any CPU.ActiveCfg = Release|iPhoneSimulator
		{6E8C836D-D342-45A4-AC78-B71B59DD374A}.Release|Any CPU.Build.0 = Release|iPhoneSimulator
		{6E8C836D-D342-45A4-AC78-B71B59DD374A}.Release|Any CPU.Deploy.0 = Release|iPhoneSimulator
		{6E8C836D-D342-45A4-AC78-B71B59DD374A}.Release|iPhone.ActiveCfg = Release|iPhone
		{6E8C836D-D342-45A4-AC78-B71B59DD374A}.Release|iPhone.Build.0 = Release|iPhone
		{6E8C836D-D342-45A4-AC78-B71B59DD374A}.Release|iPhone.Deploy.0 = Release|iPhone
		{6E8C836D-D342-45A4-AC78-B71B59DD374A}.Release|iPhoneSimulator.ActiveCfg = Release|iPhoneSimulator
		{6E8C836D-D342-45A4-AC78-B71B59DD374A}.Release|iPhoneSimulator.Build.0 = Release|iPhoneSimulator
		{6E8C836D-D342-45A4-AC78-B71B59DD374A}.Release|iPhoneSimulator.Deploy.0 = Release|iPhoneSimulator
		{8236C430-8398-4AB9-BB88-D8BB4E257E12}.Debug|Any CPU.ActiveCfg = Debug|Any CPU
		{8236C430-8398-4AB9-BB88-D8BB4E257E12}.Debug|Any CPU.Build.0 = Debug|Any CPU
		{8236C430-8398-4AB9-BB88-D8BB4E257E12}.Debug|Any CPU.Deploy.0 = Debug|Any CPU
		{8236C430-8398-4AB9-BB88-D8BB4E257E12}.Debug|iPhone.ActiveCfg = Debug|Any CPU
		{8236C430-8398-4AB9-BB88-D8BB4E257E12}.Debug|iPhone.Build.0 = Debug|Any CPU
		{8236C430-8398-4AB9-BB88-D8BB4E257E12}.Debug|iPhone.Deploy.0 = Debug|Any CPU
		{8236C430-8398-4AB9-BB88-D8BB4E257E12}.Debug|iPhoneSimulator.ActiveCfg = Debug|Any CPU
		{8236C430-8398-4AB9-BB88-D8BB4E257E12}.Debug|iPhoneSimulator.Build.0 = Debug|Any CPU
		{8236C430-8398-4AB9-BB88-D8BB4E257E12}.Debug|iPhoneSimulator.Deploy.0 = Debug|Any CPU
		{8236C430-8398-4AB9-BB88-D8BB4E257E12}.Release|Any CPU.ActiveCfg = Release|Any CPU
		{8236C430-8398-4AB9-BB88-D8BB4E257E12}.Release|Any CPU.Build.0 = Release|Any CPU
		{8236C430-8398-4AB9-BB88-D8BB4E257E12}.Release|Any CPU.Deploy.0 = Release|Any CPU
		{8236C430-8398-4AB9-BB88-D8BB4E257E12}.Release|iPhone.ActiveCfg = Release|Any CPU
		{8236C430-8398-4AB9-BB88-D8BB4E257E12}.Release|iPhone.Build.0 = Release|Any CPU
		{8236C430-8398-4AB9-BB88-D8BB4E257E12}.Release|iPhone.Deploy.0 = Release|Any CPU
		{8236C430-8398-4AB9-BB88-D8BB4E257E12}.Release|iPhoneSimulator.ActiveCfg = Release|Any CPU
		{8236C430-8398-4AB9-BB88-D8BB4E257E12}.Release|iPhoneSimulator.Build.0 = Release|Any CPU
		{8236C430-8398-4AB9-BB88-D8BB4E257E12}.Release|iPhoneSimulator.Deploy.0 = Release|Any CPU
		{7AE6E2B1-10C8-418C-9BF1-1C243F149259}.Debug|Any CPU.ActiveCfg = Debug|Any CPU
		{7AE6E2B1-10C8-418C-9BF1-1C243F149259}.Debug|Any CPU.Build.0 = Debug|Any CPU
		{7AE6E2B1-10C8-418C-9BF1-1C243F149259}.Debug|iPhone.ActiveCfg = Debug|Any CPU
		{7AE6E2B1-10C8-418C-9BF1-1C243F149259}.Debug|iPhone.Build.0 = Debug|Any CPU
		{7AE6E2B1-10C8-418C-9BF1-1C243F149259}.Debug|iPhoneSimulator.ActiveCfg = Debug|Any CPU
		{7AE6E2B1-10C8-418C-9BF1-1C243F149259}.Debug|iPhoneSimulator.Build.0 = Debug|Any CPU
		{7AE6E2B1-10C8-418C-9BF1-1C243F149259}.Release|Any CPU.ActiveCfg = Release|Any CPU
		{7AE6E2B1-10C8-418C-9BF1-1C243F149259}.Release|Any CPU.Build.0 = Release|Any CPU
		{7AE6E2B1-10C8-418C-9BF1-1C243F149259}.Release|iPhone.ActiveCfg = Release|Any CPU
		{7AE6E2B1-10C8-418C-9BF1-1C243F149259}.Release|iPhone.Build.0 = Release|Any CPU
		{7AE6E2B1-10C8-418C-9BF1-1C243F149259}.Release|iPhoneSimulator.ActiveCfg = Release|Any CPU
		{7AE6E2B1-10C8-418C-9BF1-1C243F149259}.Release|iPhoneSimulator.Build.0 = Release|Any CPU
	EndGlobalSection
	GlobalSection(SolutionProperties) = preSolution
		HideSolutionNode = FALSE
	EndGlobalSection
	GlobalSection(ExtensibilityGlobals) = postSolution
		SolutionGuid = {F2D96B8F-08CE-4A35-82EB-A986B956404E}
	EndGlobalSection
EndGlobal
